
Microsoft Visual Studio Solution File, Format Version 12.00
# Visual Studio Version 17
VisualStudioVersion = 17.12.35514.174
MinimumVisualStudioVersion = 10.0.40219.1
Project("{FAE04EC0-301F-11D3-BF4B-00C04F79EFBC}") = "eCommerce.API", "eCommerce.API\eCommerce.API.csproj", "{F120E418-0785-44C3-A5FD-3109E3239AFF}"
EndProject
Project("{FAE04EC0-301F-11D3-BF4B-00C04F79EFBC}") = "eCommerce.Infrastructure", "eCommerce.Infrastructure\eCommerce.Infrastructure.csproj", "{DAF0DBF5-7F63-4AB6-B320-A77FA876F733}"
EndProject
Project("{FAE04EC0-301F-11D3-BF4B-00C04F79EFBC}") = "eCommerce.Core", "eCommerce.Core\eCommerce.Core.csproj", "{C4B1A55C-E715-4C7B-8B00-B1769309BFC9}"
EndProject
Global
	GlobalSection(SolutionConfigurationPlatforms) = preSolution
		Debug|Any CPU = Debug|Any CPU
		Release|Any CPU = Release|Any CPU
	EndGlobalSection
	GlobalSection(ProjectConfigurationPlatforms) = postSolution
		{F120E418-0785-44C3-A5FD-3109E3239AFF}.Debug|Any CPU.ActiveCfg = Debug|Any CPU
		{F120E418-0785-44C3-A5FD-3109E3239AFF}.Debug|Any CPU.Build.0 = Debug|Any CPU
		{F120E418-0785-44C3-A5FD-3109E3239AFF}.Release|Any CPU.ActiveCfg = Release|Any CPU
		{F120E418-0785-44C3-A5FD-3109E3239AFF}.Release|Any CPU.Build.0 = Release|Any CPU
		{DAF0DBF5-7F63-4AB6-B320-A77FA876F733}.Debug|Any CPU.ActiveCfg = Debug|Any CPU
		{DAF0DBF5-7F63-4AB6-B320-A77FA876F733}.Debug|Any CPU.Build.0 = Debug|Any CPU
		{DAF0DBF5-7F63-4AB6-B320-A77FA876F733}.Release|Any CPU.ActiveCfg = Release|Any CPU
		{DAF0DBF5-7F63-4AB6-B320-A77FA876F733}.Release|Any CPU.Build.0 = Release|Any CPU
		{C4B1A55C-E715-4C7B-8B00-B1769309BFC9}.Debug|Any CPU.ActiveCfg = Debug|Any CPU
		{C4B1A55C-E715-4C7B-8B00-B1769309BFC9}.Debug|Any CPU.Build.0 = Debug|Any CPU
		{C4B1A55C-E715-4C7B-8B00-B1769309BFC9}.Release|Any CPU.ActiveCfg = Release|Any CPU
		{C4B1A55C-E715-4C7B-8B00-B1769309BFC9}.Release|Any CPU.Build.0 = Release|Any CPU
	EndGlobalSection
	GlobalSection(SolutionProperties) = preSolution
		HideSolutionNode = FALSE
	EndGlobalSection
EndGlobal
